// !$*UTF8*$!
{
	archiveVersion = 1;
	classes = {
	};
	objectVersion = 50;
	objects = {

/* Begin PBXBuildFile section */
		9DB4DD5D2602F9DF00DECB8B /* AppDelegate.swift in Sources */ = {isa = PBXBuildFile; fileRef = 9DB4DD5C2602F9DF00DECB8B /* AppDelegate.swift */; };
		9DB4DD5F2602F9DF00DECB8B /* SceneDelegate.swift in Sources */ = {isa = PBXBuildFile; fileRef = 9DB4DD5E2602F9DF00DECB8B /* SceneDelegate.swift */; };
		9DB4DD612602F9DF00DECB8B /* ViewController.swift in Sources */ = {isa = PBXBuildFile; fileRef = 9DB4DD602602F9DF00DECB8B /* ViewController.swift */; };
		9DB4DD642602F9DF00DECB8B /* Main.storyboard in Resources */ = {isa = PBXBuildFile; fileRef = 9DB4DD622602F9DF00DECB8B /* Main.storyboard */; };
		9DB4DD662602F9E100DECB8B /* Assets.xcassets in Resources */ = {isa = PBXBuildFile; fileRef = 9DB4DD652602F9E100DECB8B /* Assets.xcassets */; };
		9DB4DD692602F9E100DECB8B /* LaunchScreen.storyboard in Resources */ = {isa = PBXBuildFile; fileRef = 9DB4DD672602F9E100DECB8B /* LaunchScreen.storyboard */; };
		9DB4DD742602F9E100DECB8B /* Prework_iOSTests.swift in Sources */ = {isa = PBXBuildFile; fileRef = 9DB4DD732602F9E100DECB8B /* Prework_iOSTests.swift */; };
		9DB4DD7F2602F9E100DECB8B /* Prework_iOSUITests.swift in Sources */ = {isa = PBXBuildFile; fileRef = 9DB4DD7E2602F9E100DECB8B /* Prework_iOSUITests.swift */; };
/* End PBXBuildFile section */

/* Begin PBXContainerItemProxy section */
		9DB4DD702602F9E100DECB8B /* PBXContainerItemProxy */ = {
			isa = PBXContainerItemProxy;
			containerPortal = 9DB4DD512602F9DF00DECB8B /* Project object */;
			proxyType = 1;
			remoteGlobalIDString = 9DB4DD582602F9DF00DECB8B;
			remoteInfo = "Prework-iOS";
		};
		9DB4DD7B2602F9E100DECB8B /* PBXContainerItemProxy */ = {
			isa = PBXContainerItemProxy;
			containerPortal = 9DB4DD512602F9DF00DECB8B /* Project object */;
			proxyType = 1;
			remoteGlobalIDString = 9DB4DD582602F9DF00DECB8B;
			remoteInfo = "Prework-iOS";
		};
/* End PBXContainerItemProxy section */

/* Begin PBXFileReference section */
		9DB4DD592602F9DF00DECB8B /* Prework-iOS.app */ = {isa = PBXFileReference; explicitFileType = wrapper.application; includeInIndex = 0; path = "Prework-iOS.app"; sourceTree = BUILT_PRODUCTS_DIR; };
		9DB4DD5C2602F9DF00DECB8B /* AppDelegate.swift */ = {isa = PBXFileReference; lastKnownFileType = sourcecode.swift; path = AppDelegate.swift; sourceTree = "<group>"; };
		9DB4DD5E2602F9DF00DECB8B /* SceneDelegate.swift */ = {isa = PBXFileReference; lastKnownFileType = sourcecode.swift; path = SceneDelegate.swift; sourceTree = "<group>"; };
		9DB4DD602602F9DF00DECB8B /* ViewController.swift */ = {isa = PBXFileReference; lastKnownFileType = sourcecode.swift; path = ViewController.swift; sourceTree = "<group>"; };
		9DB4DD632602F9DF00DECB8B /* Base */ = {isa = PBXFileReference; lastKnownFileType = file.storyboard; name = Base; path = Base.lproj/Main.storyboard; sourceTree = "<group>"; };
		9DB4DD652602F9E100DECB8B /* Assets.xcassets */ = {isa = PBXFileReference; lastKnownFileType = folder.assetcatalog; path = Assets.xcassets; sourceTree = "<group>"; };
		9DB4DD682602F9E100DECB8B /* Base */ = {isa = PBXFileReference; lastKnownFileType = file.storyboard; name = Base; path = Base.lproj/LaunchScreen.storyboard; sourceTree = "<group>"; };
		9DB4DD6A2602F9E100DECB8B /* Info.plist */ = {isa = PBXFileReference; lastKnownFileType = text.plist.xml; path = Info.plist; sourceTree = "<group>"; };
		9DB4DD6F2602F9E100DECB8B /* Prework-iOSTests.xctest */ = {isa = PBXFileReference; explicitFileType = wrapper.cfbundle; includeInIndex = 0; path = "Prework-iOSTests.xctest"; sourceTree = BUILT_PRODUCTS_DIR; };
		9DB4DD732602F9E100DECB8B /* Prework_iOSTests.swift */ = {isa = PBXFileReference; lastKnownFileType = sourcecode.swift; path = Prework_iOSTests.swift; sourceTree = "<group>"; };
		9DB4DD752602F9E100DECB8B /* Info.plist */ = {isa = PBXFileReference; lastKnownFileType = text.plist.xml; path = Info.plist; sourceTree = "<group>"; };
		9DB4DD7A2602F9E100DECB8B /* Prework-iOSUITests.xctest */ = {isa = PBXFileReference; explicitFileType = wrapper.cfbundle; includeInIndex = 0; path = "Prework-iOSUITests.xctest"; sourceTree = BUILT_PRODUCTS_DIR; };
		9DB4DD7E2602F9E100DECB8B /* Prework_iOSUITests.swift */ = {isa = PBXFileReference; lastKnownFileType = sourcecode.swift; path = Prework_iOSUITests.swift; sourceTree = "<group>"; };
		9DB4DD802602F9E100DECB8B /* Info.plist */ = {isa = PBXFileReference; lastKnownFileType = text.plist.xml; path = Info.plist; sourceTree = "<group>"; };
/* End PBXFileReference section */

/* Begin PBXFrameworksBuildPhase section */
		9DB4DD562602F9DF00DECB8B /* Frameworks */ = {
			isa = PBXFrameworksBuildPhase;
			buildActionMask = 2147483647;
			files = (
			);
			runOnlyForDeploymentPostprocessing = 0;
		};
		9DB4DD6C2602F9E100DECB8B /* Frameworks */ = {
			isa = PBXFrameworksBuildPhase;
			buildActionMask = 2147483647;
			files = (
			);
			runOnlyForDeploymentPostprocessing = 0;
		};
		9DB4DD772602F9E100DECB8B /* Frameworks */ = {
			isa = PBXFrameworksBuildPhase;
			buildActionMask = 2147483647;
			files = (
			);
			runOnlyForDeploymentPostprocessing = 0;
		};
/* End PBXFrameworksBuildPhase section */

/* Begin PBXGroup section */
		9DB4DD502602F9DF00DECB8B = {
			isa = PBXGroup;
			children = (
				9DB4DD5B2602F9DF00DECB8B /* Prework-iOS */,
				9DB4DD722602F9E100DECB8B /* Prework-iOSTests */,
				9DB4DD7D2602F9E100DECB8B /* Prework-iOSUITests */,
				9DB4DD5A2602F9DF00DECB8B /* Products */,
			);
			sourceTree = "<group>";
		};
		9DB4DD5A2602F9DF00DECB8B /* Products */ = {
			isa = PBXGroup;
			children = (
				9DB4DD592602F9DF00DECB8B /* Prework-iOS.app */,
				9DB4DD6F2602F9E100DECB8B /* Prework-iOSTests.xctest */,
				9DB4DD7A2602F9E100DECB8B /* Prework-iOSUITests.xctest */,
			);
			name = Products;
			sourceTree = "<group>";
		};
		9DB4DD5B2602F9DF00DECB8B /* Prework-iOS */ = {
			isa = PBXGroup;
			children = (
				9DB4DD5C2602F9DF00DECB8B /* AppDelegate.swift */,
				9DB4DD5E2602F9DF00DECB8B /* SceneDelegate.swift */,
				9DB4DD602602F9DF00DECB8B /* ViewController.swift */,
				9DB4DD622602F9DF00DECB8B /* Main.storyboard */,
				9DB4DD652602F9E100DECB8B /* Assets.xcassets */,
				9DB4DD672602F9E100DECB8B /* LaunchScreen.storyboard */,
				9DB4DD6A2602F9E100DECB8B /* Info.plist */,
			);
			path = "Prework-iOS";
			sourceTree = "<group>";
		};
		9DB4DD722602F9E100DECB8B /* Prework-iOSTests */ = {
			isa = PBXGroup;
			children = (
				9DB4DD732602F9E100DECB8B /* Prework_iOSTests.swift */,
				9DB4DD752602F9E100DECB8B /* Info.plist */,
			);
			path = "Prework-iOSTests";
			sourceTree = "<group>";
		};
		9DB4DD7D2602F9E100DECB8B /* Prework-iOSUITests */ = {
			isa = PBXGroup;
			children = (
				9DB4DD7E2602F9E100DECB8B /* Prework_iOSUITests.swift */,
				9DB4DD802602F9E100DECB8B /* Info.plist */,
			);
			path = "Prework-iOSUITests";
			sourceTree = "<group>";
		};
/* End PBXGroup section */

/* Begin PBXNativeTarget section */
		9DB4DD582602F9DF00DECB8B /* Prework-iOS */ = {
			isa = PBXNativeTarget;
			buildConfigurationList = 9DB4DD832602F9E100DECB8B /* Build configuration list for PBXNativeTarget "Prework-iOS" */;
			buildPhases = (
				9DB4DD552602F9DF00DECB8B /* Sources */,
				9DB4DD562602F9DF00DECB8B /* Frameworks */,
				9DB4DD572602F9DF00DECB8B /* Resources */,
			);
			buildRules = (
			);
			dependencies = (
			);
			name = "Prework-iOS";
			productName = "Prework-iOS";
			productReference = 9DB4DD592602F9DF00DECB8B /* Prework-iOS.app */;
			productType = "com.apple.product-type.application";
		};
		9DB4DD6E2602F9E100DECB8B /* Prework-iOSTests */ = {
			isa = PBXNativeTarget;
			buildConfigurationList = 9DB4DD862602F9E100DECB8B /* Build configuration list for PBXNativeTarget "Prework-iOSTests" */;
			buildPhases = (
				9DB4DD6B2602F9E100DECB8B /* Sources */,
				9DB4DD6C2602F9E100DECB8B /* Frameworks */,
				9DB4DD6D2602F9E100DECB8B /* Resources */,
			);
			buildRules = (
			);
			dependencies = (
				9DB4DD712602F9E100DECB8B /* PBXTargetDependency */,
			);
			name = "Prework-iOSTests";
			productName = "Prework-iOSTests";
			productReference = 9DB4DD6F2602F9E100DECB8B /* Prework-iOSTests.xctest */;
			productType = "com.apple.product-type.bundle.unit-test";
		};
		9DB4DD792602F9E100DECB8B /* Prework-iOSUITests */ = {
			isa = PBXNativeTarget;
			buildConfigurationList = 9DB4DD892602F9E100DECB8B /* Build configuration list for PBXNativeTarget "Prework-iOSUITests" */;
			buildPhases = (
				9DB4DD762602F9E100DECB8B /* Sources */,
				9DB4DD772602F9E100DECB8B /* Frameworks */,
				9DB4DD782602F9E100DECB8B /* Resources */,
			);
			buildRules = (
			);
			dependencies = (
				9DB4DD7C2602F9E100DECB8B /* PBXTargetDependency */,
			);
			name = "Prework-iOSUITests";
			productName = "Prework-iOSUITests";
			productReference = 9DB4DD7A2602F9E100DECB8B /* Prework-iOSUITests.xctest */;
			productType = "com.apple.product-type.bundle.ui-testing";
		};
/* End PBXNativeTarget section */

/* Begin PBXProject section */
		9DB4DD512602F9DF00DECB8B /* Project object */ = {
			isa = PBXProject;
			attributes = {
				LastSwiftUpdateCheck = 1230;
				LastUpgradeCheck = 1230;
				TargetAttributes = {
					9DB4DD582602F9DF00DECB8B = {
						CreatedOnToolsVersion = 12.3;
					};
					9DB4DD6E2602F9E100DECB8B = {
						CreatedOnToolsVersion = 12.3;
						TestTargetID = 9DB4DD582602F9DF00DECB8B;
					};
					9DB4DD792602F9E100DECB8B = {
						CreatedOnToolsVersion = 12.3;
						TestTargetID = 9DB4DD582602F9DF00DECB8B;
					};
				};
			};
			buildConfigurationList = 9DB4DD542602F9DF00DECB8B /* Build configuration list for PBXProject "Prework-iOS" */;
			compatibilityVersion = "Xcode 9.3";
			developmentRegion = en;
			hasScannedForEncodings = 0;
			knownRegions = (
				en,
				Base,
			);
			mainGroup = 9DB4DD502602F9DF00DECB8B;
			productRefGroup = 9DB4DD5A2602F9DF00DECB8B /* Products */;
			projectDirPath = "";
			projectRoot = "";
			targets = (
				9DB4DD582602F9DF00DECB8B /* Prework-iOS */,
				9DB4DD6E2602F9E100DECB8B /* Prework-iOSTests */,
				9DB4DD792602F9E100DECB8B /* Prework-iOSUITests */,
			);
		};
/* End PBXProject section */

/* Begin PBXResourcesBuildPhase section */
		9DB4DD572602F9DF00DECB8B /* Resources */ = {
			isa = PBXResourcesBuildPhase;
			buildActionMask = 2147483647;
			files = (
				9DB4DD692602F9E100DECB8B /* LaunchScreen.storyboard in Resources */,
				9DB4DD662602F9E100DECB8B /* Assets.xcassets in Resources */,
				9DB4DD642602F9DF00DECB8B /* Main.storyboard in Resources */,
			);
			runOnlyForDeploymentPostprocessing = 0;
		};
		9DB4DD6D2602F9E100DECB8B /* Resources */ = {
			isa = PBXResourcesBuildPhase;
			buildActionMask = 2147483647;
			files = (
			);
			runOnlyForDeploymentPostprocessing = 0;
		};
		9DB4DD782602F9E100DECB8B /* Resources */ = {
			isa = PBXResourcesBuildPhase;
			buildActionMask = 2147483647;
			files = (
			);
			runOnlyForDeploymentPostprocessing = 0;
		};
/* End PBXResourcesBuildPhase section */

/* Begin PBXSourcesBuildPhase section */
		9DB4DD552602F9DF00DECB8B /* Sources */ = {
			isa = PBXSourcesBuildPhase;
			buildActionMask = 2147483647;
			files = (
				9DB4DD612602F9DF00DECB8B /* ViewController.swift in Sources */,
				9DB4DD5D2602F9DF00DECB8B /* AppDelegate.swift in Sources */,
				9DB4DD5F2602F9DF00DECB8B /* SceneDelegate.swift in Sources */,
			);
			runOnlyForDeploymentPostprocessing = 0;
		};
		9DB4DD6B2602F9E100DECB8B /* Sources */ = {
			isa = PBXSourcesBuildPhase;
			buildActionMask = 2147483647;
			files = (
				9DB4DD742602F9E100DECB8B /* Prework_iOSTests.swift in Sources */,
			);
			runOnlyForDeploymentPostprocessing = 0;
		};
		9DB4DD762602F9E100DECB8B /* Sources */ = {
			isa = PBXSourcesBuildPhase;
			buildActionMask = 2147483647;
			files = (
				9DB4DD7F2602F9E100DECB8B /* Prework_iOSUITests.swift in Sources */,
			);
			runOnlyForDeploymentPostprocessing = 0;
		};
/* End PBXSourcesBuildPhase section */

/* Begin PBXTargetDependency section */
		9DB4DD712602F9E100DECB8B /* PBXTargetDependency */ = {
			isa = PBXTargetDependency;
			target = 9DB4DD582602F9DF00DECB8B /* Prework-iOS */;
			targetProxy = 9DB4DD702602F9E100DECB8B /* PBXContainerItemProxy */;
		};
		9DB4DD7C2602F9E100DECB8B /* PBXTargetDependency */ = {
			isa = PBXTargetDependency;
			target = 9DB4DD582602F9DF00DECB8B /* Prework-iOS */;
			targetProxy = 9DB4DD7B2602F9E100DECB8B /* PBXContainerItemProxy */;
		};
/* End PBXTargetDependency section */

/* Begin PBXVariantGroup section */
		9DB4DD622602F9DF00DECB8B /* Main.storyboard */ = {
			isa = PBXVariantGroup;
			children = (
				9DB4DD632602F9DF00DECB8B /* Base */,
			);
			name = Main.storyboard;
			sourceTree = "<group>";
		};
		9DB4DD672602F9E100DECB8B /* LaunchScreen.storyboard */ = {
			isa = PBXVariantGroup;
			children = (
				9DB4DD682602F9E100DECB8B /* Base */,
			);
			name = LaunchScreen.storyboard;
			sourceTree = "<group>";
		};
/* End PBXVariantGroup section */

/* Begin XCBuildConfiguration section */
		9DB4DD812602F9E100DECB8B /* Debug */ = {
			isa = XCBuildConfiguration;
			buildSettings = {
				ALWAYS_SEARCH_USER_PATHS = NO;
				CLANG_ANALYZER_NONNULL = YES;
				CLANG_ANALYZER_NUMBER_OBJECT_CONVERSION = YES_AGGRESSIVE;
				CLANG_CXX_LANGUAGE_STANDARD = "gnu++14";
				CLANG_CXX_LIBRARY = "libc++";
				CLANG_ENABLE_MODULES = YES;
				CLANG_ENABLE_OBJC_ARC = YES;
				CLANG_ENABLE_OBJC_WEAK = YES;
				CLANG_WARN_BLOCK_CAPTURE_AUTORELEASING = YES;
				CLANG_WARN_BOOL_CONVERSION = YES;
				CLANG_WARN_COMMA = YES;
				CLANG_WARN_CONSTANT_CONVERSION = YES;
				CLANG_WARN_DEPRECATED_OBJC_IMPLEMENTATIONS = YES;
				CLANG_WARN_DIRECT_OBJC_ISA_USAGE = YES_ERROR;
				CLANG_WARN_DOCUMENTATION_COMMENTS = YES;
				CLANG_WARN_EMPTY_BODY = YES;
				CLANG_WARN_ENUM_CONVERSION = YES;
				CLANG_WARN_INFINITE_RECURSION = YES;
				CLANG_WARN_INT_CONVERSION = YES;
				CLANG_WARN_NON_LITERAL_NULL_CONVERSION = YES;
				CLANG_WARN_OBJC_IMPLICIT_RETAIN_SELF = YES;
				CLANG_WARN_OBJC_LITERAL_CONVERSION = YES;
				CLANG_WARN_OBJC_ROOT_CLASS = YES_ERROR;
				CLANG_WARN_QUOTED_INCLUDE_IN_FRAMEWORK_HEADER = YES;
				CLANG_WARN_RANGE_LOOP_ANALYSIS = YES;
				CLANG_WARN_STRICT_PROTOTYPES = YES;
				CLANG_WARN_SUSPICIOUS_MOVE = YES;
				CLANG_WARN_UNGUARDED_AVAILABILITY = YES_AGGRESSIVE;
				CLANG_WARN_UNREACHABLE_CODE = YES;
				CLANG_WARN__DUPLICATE_METHOD_MATCH = YES;
				COPY_PHASE_STRIP = NO;
				DEBUG_INFORMATION_FORMAT = dwarf;
				ENABLE_STRICT_OBJC_MSGSEND = YES;
				ENABLE_TESTABILITY = YES;
				GCC_C_LANGUAGE_STANDARD = gnu11;
				GCC_DYNAMIC_NO_PIC = NO;
				GCC_NO_COMMON_BLOCKS = YES;
				GCC_OPTIMIZATION_LEVEL = 0;
				GCC_PREPROCESSOR_DEFINITIONS = (
					"DEBUG=1",
					"$(inherited)",
				);
				GCC_WARN_64_TO_32_BIT_CONVERSION = YES;
				GCC_WARN_ABOUT_RETURN_TYPE = YES_ERROR;
				GCC_WARN_UNDECLARED_SELECTOR = YES;
				GCC_WARN_UNINITIALIZED_AUTOS = YES_AGGRESSIVE;
				GCC_WARN_UNUSED_FUNCTION = YES;
				GCC_WARN_UNUSED_VARIABLE = YES;
				IPHONEOS_DEPLOYMENT_TARGET = 14.3;
				MTL_ENABLE_DEBUG_INFO = INCLUDE_SOURCE;
				MTL_FAST_MATH = YES;
				ONLY_ACTIVE_ARCH = YES;
				SDKROOT = iphoneos;
				SWIFT_ACTIVE_COMPILATION_CONDITIONS = DEBUG;
				SWIFT_OPTIMIZATION_LEVEL = "-Onone";
			};
			name = Debug;
		};
		9DB4DD822602F9E100DECB8B /* Release */ = {
			isa = XCBuildConfiguration;
			buildSettings = {
				ALWAYS_SEARCH_USER_PATHS = NO;
				CLANG_ANALYZER_NONNULL = YES;
				CLANG_ANALYZER_NUMBER_OBJECT_CONVERSION = YES_AGGRESSIVE;
				CLANG_CXX_LANGUAGE_STANDARD = "gnu++14";
				CLANG_CXX_LIBRARY = "libc++";
				CLANG_ENABLE_MODULES = YES;
				CLANG_ENABLE_OBJC_ARC = YES;
				CLANG_ENABLE_OBJC_WEAK = YES;
				CLANG_WARN_BLOCK_CAPTURE_AUTORELEASING = YES;
				CLANG_WARN_BOOL_CONVERSION = YES;
				CLANG_WARN_COMMA = YES;
				CLANG_WARN_CONSTANT_CONVERSION = YES;
				CLANG_WARN_DEPRECATED_OBJC_IMPLEMENTATIONS = YES;
				CLANG_WARN_DIRECT_OBJC_ISA_USAGE = YES_ERROR;
				CLANG_WARN_DOCUMENTATION_COMMENTS = YES;
				CLANG_WARN_EMPTY_BODY = YES;
				CLANG_WARN_ENUM_CONVERSION = YES;
				CLANG_WARN_INFINITE_RECURSION = YES;
				CLANG_WARN_INT_CONVERSION = YES;
				CLANG_WARN_NON_LITERAL_NULL_CONVERSION = YES;
				CLANG_WARN_OBJC_IMPLICIT_RETAIN_SELF = YES;
				CLANG_WARN_OBJC_LITERAL_CONVERSION = YES;
				CLANG_WARN_OBJC_ROOT_CLASS = YES_ERROR;
				CLANG_WARN_QUOTED_INCLUDE_IN_FRAMEWORK_HEADER = YES;
				CLANG_WARN_RANGE_LOOP_ANALYSIS = YES;
				CLANG_WARN_STRICT_PROTOTYPES = YES;
				CLANG_WARN_SUSPICIOUS_MOVE = YES;
				CLANG_WARN_UNGUARDED_AVAILABILITY = YES_AGGRESSIVE;
				CLANG_WARN_UNREACHABLE_CODE = YES;
				CLANG_WARN__DUPLICATE_METHOD_MATCH = YES;
				COPY_PHASE_STRIP = NO;
				DEBUG_INFORMATION_FORMAT = "dwarf-with-dsym";
				ENABLE_NS_ASSERTIONS = NO;
				ENABLE_STRICT_OBJC_MSGSEND = YES;
				GCC_C_LANGUAGE_STANDARD = gnu11;
				GCC_NO_COMMON_BLOCKS = YES;
				GCC_WARN_64_TO_32_BIT_CONVERSION = YES;
				GCC_WARN_ABOUT_RETURN_TYPE = YES_ERROR;
				GCC_WARN_UNDECLARED_SELECTOR = YES;
				GCC_WARN_UNINITIALIZED_AUTOS = YES_AGGRESSIVE;
				GCC_WARN_UNUSED_FUNCTION = YES;
				GCC_WARN_UNUSED_VARIABLE = YES;
				IPHONEOS_DEPLOYMENT_TARGET = 14.3;
				MTL_ENABLE_DEBUG_INFO = NO;
				MTL_FAST_MATH = YES;
				SDKROOT = iphoneos;
				SWIFT_COMPILATION_MODE = wholemodule;
				SWIFT_OPTIMIZATION_LEVEL = "-O";
				VALIDATE_PRODUCT = YES;
			};
			name = Release;
		};
		9DB4DD842602F9E100DECB8B /* Debug */ = {
			isa = XCBuildConfiguration;
			buildSettings = {
				ASSETCATALOG_COMPILER_APPICON_NAME = AppIcon;
				ASSETCATALOG_COMPILER_GLOBAL_ACCENT_COLOR_NAME = AccentColor;
				CODE_SIGN_STYLE = Automatic;
				INFOPLIST_FILE = "Prework-iOS/Info.plist";
				LD_RUNPATH_SEARCH_PATHS = (
					"$(inherited)",
					"@executable_path/Frameworks",
				);
				PRODUCT_BUNDLE_IDENTIFIER = "com.codepath.Prework-iOS";
				PRODUCT_NAME = "$(TARGET_NAME)";
				SWIFT_VERSION = 5.0;
				TARGETED_DEVICE_FAMILY = "1,2";
			};
			name = Debug;
		};
		9DB4DD852602F9E100DECB8B /* Release */ = {
			isa = XCBuildConfiguration;
			buildSettings = {
				ASSETCATALOG_COMPILER_APPICON_NAME = AppIcon;
				ASSETCATALOG_COMPILER_GLOBAL_ACCENT_COLOR_NAME = AccentColor;
				CODE_SIGN_STYLE = Automatic;
				INFOPLIST_FILE = "Prework-iOS/Info.plist";
				LD_RUNPATH_SEARCH_PATHS = (
					"$(inherited)",
					"@executable_path/Frameworks",
				);
				PRODUCT_BUNDLE_IDENTIFIER = "com.codepath.Prework-iOS";
				PRODUCT_NAME = "$(TARGET_NAME)";
				SWIFT_VERSION = 5.0;
				TARGETED_DEVICE_FAMILY = "1,2";
			};
			name = Release;
		};
		9DB4DD872602F9E100DECB8B /* Debug */ = {
			isa = XCBuildConfiguration;
			buildSettings = {
				ALWAYS_EMBED_SWIFT_STANDARD_LIBRARIES = YES;
				BUNDLE_LOADER = "$(TEST_HOST)";
				CODE_SIGN_STYLE = Automatic;
				INFOPLIST_FILE = "Prework-iOSTests/Info.plist";
				IPHONEOS_DEPLOYMENT_TARGET = 14.3;
				LD_RUNPATH_SEARCH_PATHS = (
					"$(inherited)",
					"@executable_path/Frameworks",
					"@loader_path/Frameworks",
				);
				PRODUCT_BUNDLE_IDENTIFIER = "com.codepath.Prework-iOSTests";
				PRODUCT_NAME = "$(TARGET_NAME)";
				SWIFT_VERSION = 5.0;
				TARGETED_DEVICE_FAMILY = "1,2";
				TEST_HOST = "$(BUILT_PRODUCTS_DIR)/Prework-iOS.app/Prework-iOS";
			};
			name = Debug;
		};
		9DB4DD882602F9E100DECB8B /* Release */ = {
			isa = XCBuildConfiguration;
			buildSettings = {
				ALWAYS_EMBED_SWIFT_STANDARD_LIBRARIES = YES;
				BUNDLE_LOADER = "$(TEST_HOST)";
				CODE_SIGN_STYLE = Automatic;
				INFOPLIST_FILE = "Prework-iOSTests/Info.plist";
				IPHONEOS_DEPLOYMENT_TARGET = 14.3;
				LD_RUNPATH_SEARCH_PATHS = (
					"$(inherited)",
					"@executable_path/Frameworks",
					"@loader_path/Frameworks",
				);
				PRODUCT_BUNDLE_IDENTIFIER = "com.codepath.Prework-iOSTests";
				PRODUCT_NAME = "$(TARGET_NAME)";
				SWIFT_VERSION = 5.0;
				TARGETED_DEVICE_FAMILY = "1,2";
				TEST_HOST = "$(BUILT_PRODUCTS_DIR)/Prework-iOS.app/Prework-iOS";
			};
			name = Release;
		};
		9DB4DD8A2602F9E100DECB8B /* Debug */ = {
			isa = XCBuildConfiguration;
			buildSettings = {
				ALWAYS_EMBED_SWIFT_STANDARD_LIBRARIES = YES;
				CODE_SIGN_STYLE = Automatic;
				INFOPLIST_FILE = "Prework-iOSUITests/Info.plist";
				LD_RUNPATH_SEARCH_PATHS = (
					"$(inherited)",
					"@executable_path/Frameworks",
					"@loader_path/Frameworks",
				);
				PRODUCT_BUNDLE_IDENTIFIER = "com.codepath.Prework-iOSUITests";
				PRODUCT_NAME = "$(TARGET_NAME)";
				SWIFT_VERSION = 5.0;
				TARGETED_DEVICE_FAMILY = "1,2";
				TEST_TARGET_NAME = "Prework-iOS";
			};
			name = Debug;
		};
		9DB4DD8B2602F9E100DECB8B /* Release */ = {
			isa = XCBuildConfiguration;
			buildSettings = {
				ALWAYS_EMBED_SWIFT_STANDARD_LIBRARIES = YES;
				CODE_SIGN_STYLE = Automatic;
				INFOPLIST_FILE = "Prework-iOSUITests/Info.plist";
				LD_RUNPATH_SEARCH_PATHS = (
					"$(inherited)",
					"@executable_path/Frameworks",
					"@loader_path/Frameworks",
				);
				PRODUCT_BUNDLE_IDENTIFIER = "com.codepath.Prework-iOSUITests";
				PRODUCT_NAME = "$(TARGET_NAME)";
				SWIFT_VERSION = 5.0;
				TARGETED_DEVICE_FAMILY = "1,2";
				TEST_TARGET_NAME = "Prework-iOS";
			};
			name = Release;
		};
/* End XCBuildConfiguration section */

/* Begin XCConfigurationList section */
		9DB4DD542602F9DF00DECB8B /* Build configuration list for PBXProject "Prework-iOS" */ = {
			isa = XCConfigurationList;
			buildConfigurations = (
				9DB4DD812602F9E100DECB8B /* Debug */,
				9DB4DD822602F9E100DECB8B /* Release */,
			);
			defaultConfigurationIsVisible = 0;
			defaultConfigurationName = Release;
		};
		9DB4DD832602F9E100DECB8B /* Build configuration list for PBXNativeTarget "Prework-iOS" */ = {
			isa = XCConfigurationList;
			buildConfigurations = (
				9DB4DD842602F9E100DECB8B /* Debug */,
				9DB4DD852602F9E100DECB8B /* Release */,
			);
			defaultConfigurationIsVisible = 0;
			defaultConfigurationName = Release;
		};
		9DB4DD862602F9E100DECB8B /* Build configuration list for PBXNativeTarget "Prework-iOSTests" */ = {
			isa = XCConfigurationList;
			buildConfigurations = (
				9DB4DD872602F9E100DECB8B /* Debug */,
				9DB4DD882602F9E100DECB8B /* Release */,
			);
			defaultConfigurationIsVisible = 0;
			defaultConfigurationName = Release;
		};
		9DB4DD892602F9E100DECB8B /* Build configuration list for PBXNativeTarget "Prework-iOSUITests" */ = {
			isa = XCConfigurationList;
			buildConfigurations = (
				9DB4DD8A2602F9E100DECB8B /* Debug */,
				9DB4DD8B2602F9E100DECB8B /* Release */,
			);
			defaultConfigurationIsVisible = 0;
			defaultConfigurationName = Release;
		};
/* End XCConfigurationList section */
	};
	rootObject = 9DB4DD512602F9DF00DECB8B /* Project object */;
}
